version = 1
requires-python = ">=3.11"

[[package]]
name = "arabic-reshaper"
version = "3.0.0"
source = { registry = "https://pypi.org/simple" }
sdist = { url = "https://files.pythonhosted.org/packages/29/27/9f488e21f87fd8b7ff3b52c372b9510c619ecf1398e4ba30d5f4becc7d86/arabic_reshaper-3.0.0.tar.gz", hash = "sha256:ffcd13ba5ec007db71c072f5b23f420da92ac7f268512065d49e790e62237099", size = 23420 }
wheels = [
    { url = "https://files.pythonhosted.org/packages/44/fb/e20b45d81d74d810b01bff408baf8af04abf1d55a1a289c8395ad0919a7c/arabic_reshaper-3.0.0-py3-none-any.whl", hash = "sha256:3f71d5034bb694204a239a6f1ebcf323ac3c5b059de02259235e2016a1a5e2dc", size = 20364 },
]

[[package]]
name = "python-bidi"
version = "0.6.6"
source = { registry = "https://pypi.org/simple" }
sdist = { url = "https://files.pythonhosted.org/packages/c4/de/1822200711beaadb2f334fa25f59ad9c2627de423c103dde7e81aedbc8e2/python_bidi-0.6.6.tar.gz", hash = "sha256:07db4c7da502593bd6e39c07b3a38733704070de0cbf92a7b7277b7be8867dd9", size = 45102 }
wheels = [
    { url = "https://files.pythonhosted.org/packages/bb/03/b10c5c320fa5f3bc3d7736b2268179cc7f4dca4d054cdf2c932532d6b11a/python_bidi-0.6.6-cp311-cp311-macosx_10_12_x86_64.whl", hash = "sha256:da4949496e563b51f53ff34aad5a9f4c3aaf06f4180cf3bcb42bec649486c8f1", size = 269512 },
    { url = "https://files.pythonhosted.org/packages/91/d8/8f6bd8f4662e8340e1aabb3b9a01fb1de24e8d1ce4f38b160f5cac2524f4/python_bidi-0.6.6-cp311-cp311-macosx_11_0_arm64.whl", hash = "sha256:c48a755ca8ba3f2b242d6795d4a60e83ca580cc4fa270a3aaa8af05d93b7ba7f", size = 264042 },
    { url = "https://files.pythonhosted.org/packages/51/9f/2c831510ab8afb03b5ec4b15271dc547a2e8643563a7bcc712cd43b29d26/python_bidi-0.6.6-cp311-cp311-manylinux_2_17_aarch64.manylinux2014_aarch64.whl", hash = "sha256:76a1cd320993ba3e91a567e97f057a03f2c6b493096b3fff8b5630f51a38e7eb", size = 290963 },
    { url = "https://files.pythonhosted.org/packages/95/45/17a76e7052d4d4bc1549ac2061f1fdebbaa9b7448ce81e774b7f77dc70b2/python_bidi-0.6.6-cp311-cp311-manylinux_2_17_armv7l.manylinux2014_armv7l.whl", hash = "sha256:e8bf3e396f9ebe8f4f81e92fa4c98c50160d60c58964b89c8ff4ee0c482befaa", size = 298639 },
    { url = "https://files.pythonhosted.org/packages/00/11/fb5857168dcc50a2ebb2a5d8771a64b7fc66c19c9586b6f2a4d8a76db2e8/python_bidi-0.6.6-cp311-cp311-manylinux_2_17_ppc64le.manylinux2014_ppc64le.whl", hash = "sha256:a2a49b506ed21f762ebf332de6de689bc4912e24dcc3b85f120b34e5f01e541a", size = 351898 },
    { url = "https://files.pythonhosted.org/packages/18/e7/d25b3e767e204b9e236e7cb042bf709fd5a985cfede8c990da3bbca862a3/python_bidi-0.6.6-cp311-cp311-manylinux_2_17_s390x.manylinux2014_s390x.whl", hash = "sha256:3428331e7ce0d58c15b5a57e18a43a12e28f8733086066e6fd75b0ded80e1cae", size = 331117 },
    { url = "https://files.pythonhosted.org/packages/75/50/248decd41096b4954c3887fc7fae864b8e1e90d28d1b4ce5a28c087c3d8d/python_bidi-0.6.6-cp311-cp311-manylinux_2_17_x86_64.manylinux2014_x86_64.whl", hash = "sha256:35adfb9fed3e72b9043a5c00b6ab69e4b33d53d2d8f8b9f60d4df700f77bc2c0", size = 292950 },
    { url = "https://files.pythonhosted.org/packages/0b/d8/6ae7827fbba1403882930d4da8cbab28ab6b86b61a381c991074fb5003d1/python_bidi-0.6.6-cp311-cp311-manylinux_2_5_i686.manylinux1_i686.whl", hash = "sha256:589c5b24a8c4b5e07a1e97654020734bf16ed01a4353911ab663a37aaf1c281d", size = 307909 },
    { url = "https://files.pythonhosted.org/packages/4c/a3/5b369c5da7b08b36907dcce7a78c730370ad6899459282f5e703ec1964c6/python_bidi-0.6.6-cp311-cp311-musllinux_1_2_aarch64.whl", hash = "sha256:994534e47260d712c3b3291a6ab55b46cdbfd78a879ef95d14b27bceebfd4049", size = 465552 },
    { url = "https://files.pythonhosted.org/packages/82/07/7779668967c0f17a107a916ec7891507b7bcdc9c7ee4d2c4b6a80ba1ac5e/python_bidi-0.6.6-cp311-cp311-musllinux_1_2_armv7l.whl", hash = "sha256:00622f54a80826a918b22a2d6d5481bb3f669147e17bac85c81136b6ffbe7c06", size = 557371 },
    { url = "https://files.pythonhosted.org/packages/2d/e5/3154ac009a167bf0811195f12cf5e896c77a29243522b4b0697985881bc4/python_bidi-0.6.6-cp311-cp311-musllinux_1_2_i686.whl", hash = "sha256:965e6f2182e7b9352f2d79221f6c49502a307a9778d7d87d82dc36bb1ffecbab", size = 485458 },
    { url = "https://files.pythonhosted.org/packages/fd/db/88af6f0048d8ec7281b44b5599a3d2afa18fac5dd22eb72526f28f4ea647/python_bidi-0.6.6-cp311-cp311-musllinux_1_2_x86_64.whl", hash = "sha256:53d7d3a550d176df99dd0bb0cc2da16b40634f11c8b9f5715777441d679c0a62", size = 459588 },
    { url = "https://files.pythonhosted.org/packages/bb/d2/77b649c8b32c2b88e2facf5a42fb51dfdcc9e13db411c8bc84831ad64893/python_bidi-0.6.6-cp311-cp311-win32.whl", hash = "sha256:b271cd05cb40f47eb4600de79a8e47f8579d81ce35f5650b39b7860d018c3ece", size = 155683 },
    { url = "https://files.pythonhosted.org/packages/95/41/d4dbc72b96e2eea3aeb9292707459372c8682ef039cd19fcac7e09d513ef/python_bidi-0.6.6-cp311-cp311-win_amd64.whl", hash = "sha256:4ff1eba0ff87e04bd35d7e164203ad6e5ce19f0bac0bdf673134c0b78d919608", size = 160587 },
    { url = "https://files.pythonhosted.org/packages/6f/84/45484b091e89d657b0edbfc4378d94ae39915e1f230cb13614f355ff7f22/python_bidi-0.6.6-cp312-cp312-macosx_10_12_x86_64.whl", hash = "sha256:166060a31c10aa3ffadd52cf10a3c9c2b8d78d844e0f2c5801e2ed511d3ec316", size = 267218 },
    { url = "https://files.pythonhosted.org/packages/b7/17/b314c260366a8fb370c58b98298f903fb2a3c476267efbe792bb8694ac7c/python_bidi-0.6.6-cp312-cp312-macosx_11_0_arm64.whl", hash = "sha256:8706addd827840c2c3b3a9963060d9b979b43801cc9be982efa9644facd3ed26", size = 262129 },
    { url = "https://files.pythonhosted.org/packages/27/b6/8212d0f83aaa361ab33f98c156a453ea5cfb9ac40fab06eef9a156ba4dfa/python_bidi-0.6.6-cp312-cp312-manylinux_2_17_aarch64.manylinux2014_aarch64.whl", hash = "sha256:69c02316a4f72a168ea6f66b90d845086e2f2d2de6b08eb32c576db36582177c", size = 290811 },
    { url = "https://files.pythonhosted.org/packages/cd/05/cd503307cd478d18f09b301d20e38ef4107526e65e9cbb9ce489cc2ddbf3/python_bidi-0.6.6-cp312-cp312-manylinux_2_17_armv7l.manylinux2014_armv7l.whl", hash = "sha256:a525bcb77b8edbfdcf8b199dbed24556e6d1436af8f5fa392f6cdc93ed79b4af", size = 298175 },
    { url = "https://files.pythonhosted.org/packages/e0/0c/bd7bbd70bd330f282c534f03235a9b8da56262ea97a353d8fe9e367d0d7c/python_bidi-0.6.6-cp312-cp312-manylinux_2_17_ppc64le.manylinux2014_ppc64le.whl", hash = "sha256:4bb186c8da4bdc953893504bba93f41d5b412fd767ba5661ff606f22950ec609", size = 351470 },
    { url = "https://files.pythonhosted.org/packages/5e/ab/05a1864d5317e69e022930457f198c2d0344fd281117499ad3fedec5b77c/python_bidi-0.6.6-cp312-cp312-manylinux_2_17_s390x.manylinux2014_s390x.whl", hash = "sha256:25fa21b46dc80ac7099d2dee424b634eb1f76b2308d518e505a626c55cdbf7b1", size = 329468 },
    { url = "https://files.pythonhosted.org/packages/07/7c/094bbcb97089ac79f112afa762051129c55d52a7f58923203dfc62f75feb/python_bidi-0.6.6-cp312-cp312-manylinux_2_17_x86_64.manylinux2014_x86_64.whl", hash = "sha256:b31f5562839e7ecea881ba337f9d39716e2e0e6b3ba395e824620ee5060050ff", size = 292102 },
    { url = "https://files.pythonhosted.org/packages/99/6b/5e2e6c2d76e7669b9dd68227e8e70cf72a6566ffdf414b31b64098406030/python_bidi-0.6.6-cp312-cp312-manylinux_2_5_i686.manylinux1_i686.whl", hash = "sha256:fb750d3d5ac028e8afd62d000928a2110dbca012fee68b1a325a38caa03dc50b", size = 307282 },
    { url = "https://files.pythonhosted.org/packages/5e/da/6cbe04f605100978755fc5f4d8a8209789b167568e1e08e753d1a88edcc5/python_bidi-0.6.6-cp312-cp312-musllinux_1_2_aarch64.whl", hash = "sha256:8b5f648ee8e9f4ac0400f71e671934b39837d7031496e0edde867a303344d758", size = 464487 },
    { url = "https://files.pythonhosted.org/packages/d5/83/d15a0c944b819b8f101418b973772c42fb818c325c82236978db71b1ed7e/python_bidi-0.6.6-cp312-cp312-musllinux_1_2_armv7l.whl", hash = "sha256:c4c0255940e6ff98fb05f9d5de3ffcaab7b60d821d4ca072b50c4f871b036562", size = 556449 },
    { url = "https://files.pythonhosted.org/packages/0f/9a/80f0551adcbc9dd02304a4e4ae46113bb1f6f5172831ad86b860814ff498/python_bidi-0.6.6-cp312-cp312-musllinux_1_2_i686.whl", hash = "sha256:e7e36601edda15e67527560b1c00108b0d27831260b6b251cf7c6dd110645c03", size = 484368 },
    { url = "https://files.pythonhosted.org/packages/9e/05/4a4074530e54a3e384535d185c77fe9bf0321b207bfcb3a9c1676ee9976f/python_bidi-0.6.6-cp312-cp312-musllinux_1_2_x86_64.whl", hash = "sha256:07c9f000671b187319bacebb9e98d8b75005ccd16aa41b9d4411e66813c467bb", size = 458846 },
    { url = "https://files.pythonhosted.org/packages/9f/10/91d112d152b273e54ca7b7d476faaf27e9a350ef85b4fcc281bdd577d13b/python_bidi-0.6.6-cp312-cp312-win32.whl", hash = "sha256:57c0ca449a116c4f804422111b3345281c4e69c733c4556fa216644ec9907078", size = 155236 },
    { url = "https://files.pythonhosted.org/packages/30/da/e1537900bc8a838b0637124cf8f7ef36ce87b5cdc41fb4c26752a4b9c25a/python_bidi-0.6.6-cp312-cp312-win_amd64.whl", hash = "sha256:f60afe457a37bd908fdc7b520c07620b1a7cc006e08b6e3e70474025b4f5e5c7", size = 160251 },
    { url = "https://files.pythonhosted.org/packages/a5/b1/b24cb64b441dadd911b39d8b86a91606481f84be1b3f01ffca3f9847a4f1/python_bidi-0.6.6-cp313-cp313-macosx_10_12_x86_64.whl", hash = "sha256:61cf12f6b7d0b9bb37838a5f045e6acbd91e838b57f0369c55319bb3969ffa4d", size = 266728 },
    { url = "https://files.pythonhosted.org/packages/0c/19/d4d449dcdc5eb72b6ffb97b34db710ea307682cae065fbe83a0e42fee00a/python_bidi-0.6.6-cp313-cp313-macosx_11_0_arm64.whl", hash = "sha256:33bd0ba5eedf18315a1475ac0f215b5134e48011b7320aedc2fb97df31d4e5bf", size = 261475 },
    { url = "https://files.pythonhosted.org/packages/0a/87/4ecaecf7cc17443129b0f3a967b6f455c0d773b58d68b93c5949a91a0b8b/python_bidi-0.6.6-cp313-cp313-manylinux_2_17_aarch64.manylinux2014_aarch64.whl", hash = "sha256:5c9f798dd49b24bb1a9d90f065ef25c7bffa94c04c554f1fc02d0aea0a9b10b0", size = 290153 },
    { url = "https://files.pythonhosted.org/packages/42/6e/4b57a3dba455f42fa82a9b5caf3d35535bd6eb644a37a031ac1d5e8b6a3e/python_bidi-0.6.6-cp313-cp313-manylinux_2_17_armv7l.manylinux2014_armv7l.whl", hash = "sha256:43a0409570c618d93706dc875b1d33b4adfe67144f6f2ebeb32d85d8bbdb85ed", size = 297567 },
    { url = "https://files.pythonhosted.org/packages/39/39/dc9ce9b15888b6391206d77fc36fd23447fb5313aee1fa1031432b2a4072/python_bidi-0.6.6-cp313-cp313-manylinux_2_17_ppc64le.manylinux2014_ppc64le.whl", hash = "sha256:ada1aecd32773c61b16f7c9f74d9ec1b57ea433e2083e08ca387c5cd4b0ceaed", size = 351186 },
    { url = "https://files.pythonhosted.org/packages/9e/66/cc9795903be4ce781b89fa4fe0e493369d58cd0fc0dda9287ab227d410d3/python_bidi-0.6.6-cp313-cp313-manylinux_2_17_s390x.manylinux2014_s390x.whl", hash = "sha256:125a815f2b20313a2f6d331aa84abdd07de7d270985b056e6729390a4cda90df", size = 329159 },
    { url = "https://files.pythonhosted.org/packages/ca/40/071dc08645daa09cb8c008db888141998a895d2d1ed03ba780971b595297/python_bidi-0.6.6-cp313-cp313-manylinux_2_17_x86_64.manylinux2014_x86_64.whl", hash = "sha256:183fee39bd2de787f632376bd5ba0d5f1daf6a09d3ebfaa211df25d62223e531", size = 291743 },
    { url = "https://files.pythonhosted.org/packages/17/5a/5f60915a9f73f48df27bf262a210fa66ea8ffe5fd0072c67288e55e3304e/python_bidi-0.6.6-cp313-cp313-manylinux_2_5_i686.manylinux1_i686.whl", hash = "sha256:c4e08753d32d633f5ecb5eb02624272eeffaa6d5c6f4f9ddf012637bcaabfc0a", size = 306568 },
    { url = "https://files.pythonhosted.org/packages/9e/01/03341516d895ee937036d38ab4f9987857b1066f7c267b99963ee056eb9e/python_bidi-0.6.6-cp313-cp313-musllinux_1_2_aarch64.whl", hash = "sha256:d1dcd7a82ae00b86821fce627e310791f56da90924f15877cfda844e340679de", size = 463890 },
    { url = "https://files.pythonhosted.org/packages/4f/a8/36bb9553e00d33acee2d2d447b60bccb0aad5c1d589cd364ddd95d9b876b/python_bidi-0.6.6-cp313-cp313-musllinux_1_2_armv7l.whl", hash = "sha256:5506ba56380140b3cb3504029de014d21eb8874c5e081d88495f8775f6ed90bc", size = 555980 },
    { url = "https://files.pythonhosted.org/packages/46/05/88aa85522472afda215a6b436eaa0aac6bbe9e29a64db0f99f61d1aa6527/python_bidi-0.6.6-cp313-cp313-musllinux_1_2_i686.whl", hash = "sha256:207b0a7082ec38045910d37700a0dd73c10d4ffccb22a4fd0391d7e9ce241672", size = 483881 },
    { url = "https://files.pythonhosted.org/packages/48/7e/f813de1a92e10c302649134ea3a8c6429f9c2e5dd161e82e88f08b4c7565/python_bidi-0.6.6-cp313-cp313-musllinux_1_2_x86_64.whl", hash = "sha256:686642a52acdeffb1d9a593a284d07b175c63877c596fa3ccceeb2649ced1dd8", size = 458296 },
    { url = "https://files.pythonhosted.org/packages/e9/ea/a775bec616ec01d9a0df7d5a6e1b3729285dd5e7f1fdb0dfce2e0604c6a3/python_bidi-0.6.6-cp313-cp313-win32.whl", hash = "sha256:485f2ee109e7aa73efc165b90a6d90da52546801413540c08b7133fe729d5e0a", size = 155033 },
    { url = "https://files.pythonhosted.org/packages/74/79/3323f08c98b9a5b726303b68babdd26cf4fe710709b7c61c96e6bb4f3d10/python_bidi-0.6.6-cp313-cp313-win_amd64.whl", hash = "sha256:63f7a9eaec31078e7611ab958b6e18e796c05b63ca50c1f7298311dc1e15ac3e", size = 159973 },
]

[[package]]
name = "repl-nix-workspace"
version = "0.1.0"
source = { virtual = "." }
dependencies = [
    { name = "arabic-reshaper" },
    { name = "python-bidi" },
]

[package.metadata]
requires-dist = [
    { name = "arabic-reshaper", specifier = ">=3.0.0" },
    { name = "python-bidi", specifier = ">=0.6.6" },
]
